
Microsoft Visual Studio Solution File, Format Version 12.00
# Visual Studio Version 17
VisualStudioVersion = 17.12.35309.182
MinimumVisualStudioVersion = 10.0.40219.1
Project("{FAE04EC0-301F-11D3-BF4B-00C04F79EFBC}") = "DemoManageServiceScopeByComponent", "DemoManageServiceScopeByComponent\DemoManageServiceScopeByComponent.csproj", "{75BC3283-3461-43E5-8994-306E3C63572D}"
EndProject
Global
	GlobalSection(SolutionConfigurationPlatforms) = preSolution
		Debug|Any CPU = Debug|Any CPU
		Release|Any CPU = Release|Any CPU
	EndGlobalSection
	GlobalSection(ProjectConfigurationPlatforms) = postSolution
		{75BC3283-3461-43E5-8994-306E3C63572D}.Debug|Any CPU.ActiveCfg = Debug|Any CPU
		{75BC3283-3461-43E5-8994-306E3C63572D}.Debug|Any CPU.Build.0 = Debug|Any CPU
		{75BC3283-3461-43E5-8994-306E3C63572D}.Release|Any CPU.ActiveCfg = Release|Any CPU
		{75BC3283-3461-43E5-8994-306E3C63572D}.Release|Any CPU.Build.0 = Release|Any CPU
	EndGlobalSection
	GlobalSection(SolutionProperties) = preSolution
		HideSolutionNode = FALSE
	EndGlobalSection
	GlobalSection(ExtensibilityGlobals) = postSolution
		SolutionGuid = {494A1E47-794E-4667-976A-B8C6B8ABE8E0}
	EndGlobalSection
EndGlobal
